// !$*UTF8*$!
{
	archiveVersion = 1;
	classes = {
	};
	objectVersion = 56;
	objects = {

/* Begin PBXBuildFile section */
		BA0BABFE2A5A4ECD0034D745 /* ScrumdingerApp.swift in Sources */ = {isa = PBXBuildFile; fileRef = BA0BABFD2A5A4ECD0034D745 /* ScrumdingerApp.swift */; };
		BA0BAC002A5A4ECD0034D745 /* MeetingView.swift in Sources */ = {isa = PBXBuildFile; fileRef = BA0BABFF2A5A4ECD0034D745 /* MeetingView.swift */; };
		BA0BAC022A5A4ECD0034D745 /* Assets.xcassets in Resources */ = {isa = PBXBuildFile; fileRef = BA0BAC012A5A4ECD0034D745 /* Assets.xcassets */; };
		BA0BAC052A5A4ECD0034D745 /* Preview Assets.xcassets in Resources */ = {isa = PBXBuildFile; fileRef = BA0BAC042A5A4ECD0034D745 /* Preview Assets.xcassets */; };
		BA0BAC0F2A5A4ECD0034D745 /* ScrumdingerTests.swift in Sources */ = {isa = PBXBuildFile; fileRef = BA0BAC0E2A5A4ECD0034D745 /* ScrumdingerTests.swift */; };
		BA0BAC192A5A4ECD0034D745 /* ScrumdingerUITests.swift in Sources */ = {isa = PBXBuildFile; fileRef = BA0BAC182A5A4ECD0034D745 /* ScrumdingerUITests.swift */; };
		BA0BAC1B2A5A4ECD0034D745 /* ScrumdingerUITestsLaunchTests.swift in Sources */ = {isa = PBXBuildFile; fileRef = BA0BAC1A2A5A4ECD0034D745 /* ScrumdingerUITestsLaunchTests.swift */; };
		BA14A8D62A5BAAD2009A37AB /* Theme.swift in Sources */ = {isa = PBXBuildFile; fileRef = BA14A8D52A5BAAD2009A37AB /* Theme.swift */; };
		BA14A8D82A5BADE3009A37AB /* DailyScrum.swift in Sources */ = {isa = PBXBuildFile; fileRef = BA14A8D72A5BADE3009A37AB /* DailyScrum.swift */; };
		BA14A8DA2A5BB100009A37AB /* CardView.swift in Sources */ = {isa = PBXBuildFile; fileRef = BA14A8D92A5BB100009A37AB /* CardView.swift */; };
		BA14A8DC2A5BBE26009A37AB /* TrailingIconLabelStyle.swift in Sources */ = {isa = PBXBuildFile; fileRef = BA14A8DB2A5BBE26009A37AB /* TrailingIconLabelStyle.swift */; };
		BA14A8DE2A5BC0E5009A37AB /* ScrumsView.swift in Sources */ = {isa = PBXBuildFile; fileRef = BA14A8DD2A5BC0E5009A37AB /* ScrumsView.swift */; };
		BA5329262A6640A000D148C4 /* DetailView.swift in Sources */ = {isa = PBXBuildFile; fileRef = BA5329252A6640A000D148C4 /* DetailView.swift */; };
		BA62F4EC2AC3D25900B25142 /* ThemeView.swift in Sources */ = {isa = PBXBuildFile; fileRef = BA62F4EB2AC3D25900B25142 /* ThemeView.swift */; };
		BA62F4EE2AC3D60600B25142 /* ThemePicker.swift in Sources */ = {isa = PBXBuildFile; fileRef = BA62F4ED2AC3D60600B25142 /* ThemePicker.swift */; };
		BAF5E0572A80970B00A94748 /* DetailEditView.swift in Sources */ = {isa = PBXBuildFile; fileRef = BAF5E0562A80970B00A94748 /* DetailEditView.swift */; };
/* End PBXBuildFile section */

/* Begin PBXContainerItemProxy section */
		BA0BAC0B2A5A4ECD0034D745 /* PBXContainerItemProxy */ = {
			isa = PBXContainerItemProxy;
			containerPortal = BA0BABF22A5A4ECD0034D745 /* Project object */;
			proxyType = 1;
			remoteGlobalIDString = BA0BABF92A5A4ECD0034D745;
			remoteInfo = Scrumdinger;
		};
		BA0BAC152A5A4ECD0034D745 /* PBXContainerItemProxy */ = {
			isa = PBXContainerItemProxy;
			containerPortal = BA0BABF22A5A4ECD0034D745 /* Project object */;
			proxyType = 1;
			remoteGlobalIDString = BA0BABF92A5A4ECD0034D745;
			remoteInfo = Scrumdinger;
		};
/* End PBXContainerItemProxy section */

/* Begin PBXFileReference section */
		BA0BABFA2A5A4ECD0034D745 /* Scrumdinger.app */ = {isa = PBXFileReference; explicitFileType = wrapper.application; includeInIndex = 0; path = Scrumdinger.app; sourceTree = BUILT_PRODUCTS_DIR; };
		BA0BABFD2A5A4ECD0034D745 /* ScrumdingerApp.swift */ = {isa = PBXFileReference; lastKnownFileType = sourcecode.swift; path = ScrumdingerApp.swift; sourceTree = "<group>"; };
		BA0BABFF2A5A4ECD0034D745 /* MeetingView.swift */ = {isa = PBXFileReference; lastKnownFileType = sourcecode.swift; path = MeetingView.swift; sourceTree = "<group>"; };
		BA0BAC012A5A4ECD0034D745 /* Assets.xcassets */ = {isa = PBXFileReference; lastKnownFileType = folder.assetcatalog; path = Assets.xcassets; sourceTree = "<group>"; };
		BA0BAC042A5A4ECD0034D745 /* Preview Assets.xcassets */ = {isa = PBXFileReference; lastKnownFileType = folder.assetcatalog; path = "Preview Assets.xcassets"; sourceTree = "<group>"; };
		BA0BAC0A2A5A4ECD0034D745 /* ScrumdingerTests.xctest */ = {isa = PBXFileReference; explicitFileType = wrapper.cfbundle; includeInIndex = 0; path = ScrumdingerTests.xctest; sourceTree = BUILT_PRODUCTS_DIR; };
		BA0BAC0E2A5A4ECD0034D745 /* ScrumdingerTests.swift */ = {isa = PBXFileReference; lastKnownFileType = sourcecode.swift; path = ScrumdingerTests.swift; sourceTree = "<group>"; };
		BA0BAC142A5A4ECD0034D745 /* ScrumdingerUITests.xctest */ = {isa = PBXFileReference; explicitFileType = wrapper.cfbundle; includeInIndex = 0; path = ScrumdingerUITests.xctest; sourceTree = BUILT_PRODUCTS_DIR; };
		BA0BAC182A5A4ECD0034D745 /* ScrumdingerUITests.swift */ = {isa = PBXFileReference; lastKnownFileType = sourcecode.swift; path = ScrumdingerUITests.swift; sourceTree = "<group>"; };
		BA0BAC1A2A5A4ECD0034D745 /* ScrumdingerUITestsLaunchTests.swift */ = {isa = PBXFileReference; lastKnownFileType = sourcecode.swift; path = ScrumdingerUITestsLaunchTests.swift; sourceTree = "<group>"; };
		BA14A8D52A5BAAD2009A37AB /* Theme.swift */ = {isa = PBXFileReference; lastKnownFileType = sourcecode.swift; path = Theme.swift; sourceTree = "<group>"; };
		BA14A8D72A5BADE3009A37AB /* DailyScrum.swift */ = {isa = PBXFileReference; lastKnownFileType = sourcecode.swift; path = DailyScrum.swift; sourceTree = "<group>"; };
		BA14A8D92A5BB100009A37AB /* CardView.swift */ = {isa = PBXFileReference; lastKnownFileType = sourcecode.swift; path = CardView.swift; sourceTree = "<group>"; };
		BA14A8DB2A5BBE26009A37AB /* TrailingIconLabelStyle.swift */ = {isa = PBXFileReference; lastKnownFileType = sourcecode.swift; path = TrailingIconLabelStyle.swift; sourceTree = "<group>"; };
		BA14A8DD2A5BC0E5009A37AB /* ScrumsView.swift */ = {isa = PBXFileReference; lastKnownFileType = sourcecode.swift; path = ScrumsView.swift; sourceTree = "<group>"; };
		BA5329252A6640A000D148C4 /* DetailView.swift */ = {isa = PBXFileReference; lastKnownFileType = sourcecode.swift; path = DetailView.swift; sourceTree = "<group>"; };
		BA62F4EB2AC3D25900B25142 /* ThemeView.swift */ = {isa = PBXFileReference; lastKnownFileType = sourcecode.swift; path = ThemeView.swift; sourceTree = "<group>"; };
		BA62F4ED2AC3D60600B25142 /* ThemePicker.swift */ = {isa = PBXFileReference; lastKnownFileType = sourcecode.swift; path = ThemePicker.swift; sourceTree = "<group>"; };
		BAF5E0562A80970B00A94748 /* DetailEditView.swift */ = {isa = PBXFileReference; lastKnownFileType = sourcecode.swift; path = DetailEditView.swift; sourceTree = "<group>"; };
/* End PBXFileReference section */

/* Begin PBXFrameworksBuildPhase section */
		BA0BABF72A5A4ECD0034D745 /* Frameworks */ = {
			isa = PBXFrameworksBuildPhase;
			buildActionMask = 2147483647;
			files = (
			);
			runOnlyForDeploymentPostprocessing = 0;
		};
		BA0BAC072A5A4ECD0034D745 /* Frameworks */ = {
			isa = PBXFrameworksBuildPhase;
			buildActionMask = 2147483647;
			files = (
			);
			runOnlyForDeploymentPostprocessing = 0;
		};
		BA0BAC112A5A4ECD0034D745 /* Frameworks */ = {
			isa = PBXFrameworksBuildPhase;
			buildActionMask = 2147483647;
			files = (
			);
			runOnlyForDeploymentPostprocessing = 0;
		};
/* End PBXFrameworksBuildPhase section */

/* Begin PBXGroup section */
		BA0BABF12A5A4ECD0034D745 = {
			isa = PBXGroup;
			children = (
				BA0BABFC2A5A4ECD0034D745 /* Scrumdinger */,
				BA0BAC0D2A5A4ECD0034D745 /* ScrumdingerTests */,
				BA0BAC172A5A4ECD0034D745 /* ScrumdingerUITests */,
				BA0BABFB2A5A4ECD0034D745 /* Products */,
			);
			sourceTree = "<group>";
		};
		BA0BABFB2A5A4ECD0034D745 /* Products */ = {
			isa = PBXGroup;
			children = (
				BA0BABFA2A5A4ECD0034D745 /* Scrumdinger.app */,
				BA0BAC0A2A5A4ECD0034D745 /* ScrumdingerTests.xctest */,
				BA0BAC142A5A4ECD0034D745 /* ScrumdingerUITests.xctest */,
			);
			name = Products;
			sourceTree = "<group>";
		};
		BA0BABFC2A5A4ECD0034D745 /* Scrumdinger */ = {
			isa = PBXGroup;
			children = (
				BA14A8D42A5BAA3C009A37AB /* Models */,
				BA14A8D92A5BB100009A37AB /* CardView.swift */,
				BAF5E0562A80970B00A94748 /* DetailEditView.swift */,
				BA5329252A6640A000D148C4 /* DetailView.swift */,
				BA0BABFF2A5A4ECD0034D745 /* MeetingView.swift */,
				BA14A8DD2A5BC0E5009A37AB /* ScrumsView.swift */,
				BA62F4ED2AC3D60600B25142 /* ThemePicker.swift */,
				BA62F4EB2AC3D25900B25142 /* ThemeView.swift */,
				BA0BABFD2A5A4ECD0034D745 /* ScrumdingerApp.swift */,
				BA0BAC012A5A4ECD0034D745 /* Assets.xcassets */,
				BA0BAC032A5A4ECD0034D745 /* Preview Content */,
			);
			path = Scrumdinger;
			sourceTree = "<group>";
		};
		BA0BAC032A5A4ECD0034D745 /* Preview Content */ = {
			isa = PBXGroup;
			children = (
				BA0BAC042A5A4ECD0034D745 /* Preview Assets.xcassets */,
			);
			path = "Preview Content";
			sourceTree = "<group>";
		};
		BA0BAC0D2A5A4ECD0034D745 /* ScrumdingerTests */ = {
			isa = PBXGroup;
			children = (
				BA0BAC0E2A5A4ECD0034D745 /* ScrumdingerTests.swift */,
			);
			path = ScrumdingerTests;
			sourceTree = "<group>";
		};
		BA0BAC172A5A4ECD0034D745 /* ScrumdingerUITests */ = {
			isa = PBXGroup;
			children = (
				BA0BAC182A5A4ECD0034D745 /* ScrumdingerUITests.swift */,
				BA0BAC1A2A5A4ECD0034D745 /* ScrumdingerUITestsLaunchTests.swift */,
			);
			path = ScrumdingerUITests;
			sourceTree = "<group>";
		};
		BA14A8D42A5BAA3C009A37AB /* Models */ = {
			isa = PBXGroup;
			children = (
				BA14A8D52A5BAAD2009A37AB /* Theme.swift */,
				BA14A8D72A5BADE3009A37AB /* DailyScrum.swift */,
				BA14A8DB2A5BBE26009A37AB /* TrailingIconLabelStyle.swift */,
			);
			path = Models;
			sourceTree = "<group>";
		};
/* End PBXGroup section */

/* Begin PBXNativeTarget section */
		BA0BABF92A5A4ECD0034D745 /* Scrumdinger */ = {
			isa = PBXNativeTarget;
			buildConfigurationList = BA0BAC1E2A5A4ECD0034D745 /* Build configuration list for PBXNativeTarget "Scrumdinger" */;
			buildPhases = (
				BA0BABF62A5A4ECD0034D745 /* Sources */,
				BA0BABF72A5A4ECD0034D745 /* Frameworks */,
				BA0BABF82A5A4ECD0034D745 /* Resources */,
			);
			buildRules = (
			);
			dependencies = (
			);
			name = Scrumdinger;
			productName = Scrumdinger;
			productReference = BA0BABFA2A5A4ECD0034D745 /* Scrumdinger.app */;
			productType = "com.apple.product-type.application";
		};
		BA0BAC092A5A4ECD0034D745 /* ScrumdingerTests */ = {
			isa = PBXNativeTarget;
			buildConfigurationList = BA0BAC212A5A4ECD0034D745 /* Build configuration list for PBXNativeTarget "ScrumdingerTests" */;
			buildPhases = (
				BA0BAC062A5A4ECD0034D745 /* Sources */,
				BA0BAC072A5A4ECD0034D745 /* Frameworks */,
				BA0BAC082A5A4ECD0034D745 /* Resources */,
			);
			buildRules = (
			);
			dependencies = (
				BA0BAC0C2A5A4ECD0034D745 /* PBXTargetDependency */,
			);
			name = ScrumdingerTests;
			productName = ScrumdingerTests;
			productReference = BA0BAC0A2A5A4ECD0034D745 /* ScrumdingerTests.xctest */;
			productType = "com.apple.product-type.bundle.unit-test";
		};
		BA0BAC132A5A4ECD0034D745 /* ScrumdingerUITests */ = {
			isa = PBXNativeTarget;
			buildConfigurationList = BA0BAC242A5A4ECD0034D745 /* Build configuration list for PBXNativeTarget "ScrumdingerUITests" */;
			buildPhases = (
				BA0BAC102A5A4ECD0034D745 /* Sources */,
				BA0BAC112A5A4ECD0034D745 /* Frameworks */,
				BA0BAC122A5A4ECD0034D745 /* Resources */,
			);
			buildRules = (
			);
			dependencies = (
				BA0BAC162A5A4ECD0034D745 /* PBXTargetDependency */,
			);
			name = ScrumdingerUITests;
			productName = ScrumdingerUITests;
			productReference = BA0BAC142A5A4ECD0034D745 /* ScrumdingerUITests.xctest */;
			productType = "com.apple.product-type.bundle.ui-testing";
		};
/* End PBXNativeTarget section */

/* Begin PBXProject section */
		BA0BABF22A5A4ECD0034D745 /* Project object */ = {
			isa = PBXProject;
			attributes = {
				BuildIndependentTargetsInParallel = 1;
				LastSwiftUpdateCheck = 1430;
				LastUpgradeCheck = 1430;
				TargetAttributes = {
					BA0BABF92A5A4ECD0034D745 = {
						CreatedOnToolsVersion = 14.3.1;
					};
					BA0BAC092A5A4ECD0034D745 = {
						CreatedOnToolsVersion = 14.3.1;
						TestTargetID = BA0BABF92A5A4ECD0034D745;
					};
					BA0BAC132A5A4ECD0034D745 = {
						CreatedOnToolsVersion = 14.3.1;
						TestTargetID = BA0BABF92A5A4ECD0034D745;
					};
				};
			};
			buildConfigurationList = BA0BABF52A5A4ECD0034D745 /* Build configuration list for PBXProject "Scrumdinger" */;
			compatibilityVersion = "Xcode 14.0";
			developmentRegion = en;
			hasScannedForEncodings = 0;
			knownRegions = (
				en,
				Base,
			);
			mainGroup = BA0BABF12A5A4ECD0034D745;
			productRefGroup = BA0BABFB2A5A4ECD0034D745 /* Products */;
			projectDirPath = "";
			projectRoot = "";
			targets = (
				BA0BABF92A5A4ECD0034D745 /* Scrumdinger */,
				BA0BAC092A5A4ECD0034D745 /* ScrumdingerTests */,
				BA0BAC132A5A4ECD0034D745 /* ScrumdingerUITests */,
			);
		};
/* End PBXProject section */

/* Begin PBXResourcesBuildPhase section */
		BA0BABF82A5A4ECD0034D745 /* Resources */ = {
			isa = PBXResourcesBuildPhase;
			buildActionMask = 2147483647;
			files = (
				BA0BAC052A5A4ECD0034D745 /* Preview Assets.xcassets in Resources */,
				BA0BAC022A5A4ECD0034D745 /* Assets.xcassets in Resources */,
			);
			runOnlyForDeploymentPostprocessing = 0;
		};
		BA0BAC082A5A4ECD0034D745 /* Resources */ = {
			isa = PBXResourcesBuildPhase;
			buildActionMask = 2147483647;
			files = (
			);
			runOnlyForDeploymentPostprocessing = 0;
		};
		BA0BAC122A5A4ECD0034D745 /* Resources */ = {
			isa = PBXResourcesBuildPhase;
			buildActionMask = 2147483647;
			files = (
			);
			runOnlyForDeploymentPostprocessing = 0;
		};
/* End PBXResourcesBuildPhase section */

/* Begin PBXSourcesBuildPhase section */
		BA0BABF62A5A4ECD0034D745 /* Sources */ = {
			isa = PBXSourcesBuildPhase;
			buildActionMask = 2147483647;
			files = (
				BA62F4EE2AC3D60600B25142 /* ThemePicker.swift in Sources */,
				BA14A8D82A5BADE3009A37AB /* DailyScrum.swift in Sources */,
				BA5329262A6640A000D148C4 /* DetailView.swift in Sources */,
				BAF5E0572A80970B00A94748 /* DetailEditView.swift in Sources */,
				BA14A8DC2A5BBE26009A37AB /* TrailingIconLabelStyle.swift in Sources */,
				BA14A8D62A5BAAD2009A37AB /* Theme.swift in Sources */,
				BA14A8DE2A5BC0E5009A37AB /* ScrumsView.swift in Sources */,
				BA0BAC002A5A4ECD0034D745 /* MeetingView.swift in Sources */,
				BA0BABFE2A5A4ECD0034D745 /* ScrumdingerApp.swift in Sources */,
				BA62F4EC2AC3D25900B25142 /* ThemeView.swift in Sources */,
				BA14A8DA2A5BB100009A37AB /* CardView.swift in Sources */,
			);
			runOnlyForDeploymentPostprocessing = 0;
		};
		BA0BAC062A5A4ECD0034D745 /* Sources */ = {
			isa = PBXSourcesBuildPhase;
			buildActionMask = 2147483647;
			files = (
				BA0BAC0F2A5A4ECD0034D745 /* ScrumdingerTests.swift in Sources */,
			);
			runOnlyForDeploymentPostprocessing = 0;
		};
		BA0BAC102A5A4ECD0034D745 /* Sources */ = {
			isa = PBXSourcesBuildPhase;
			buildActionMask = 2147483647;
			files = (
				BA0BAC1B2A5A4ECD0034D745 /* ScrumdingerUITestsLaunchTests.swift in Sources */,
				BA0BAC192A5A4ECD0034D745 /* ScrumdingerUITests.swift in Sources */,
			);
			runOnlyForDeploymentPostprocessing = 0;
		};
/* End PBXSourcesBuildPhase section */

/* Begin PBXTargetDependency section */
		BA0BAC0C2A5A4ECD0034D745 /* PBXTargetDependency */ = {
			isa = PBXTargetDependency;
			target = BA0BABF92A5A4ECD0034D745 /* Scrumdinger */;
			targetProxy = BA0BAC0B2A5A4ECD0034D745 /* PBXContainerItemProxy */;
		};
		BA0BAC162A5A4ECD0034D745 /* PBXTargetDependency */ = {
			isa = PBXTargetDependency;
			target = BA0BABF92A5A4ECD0034D745 /* Scrumdinger */;
			targetProxy = BA0BAC152A5A4ECD0034D745 /* PBXContainerItemProxy */;
		};
/* End PBXTargetDependency section */

/* Begin XCBuildConfiguration section */
		BA0BAC1C2A5A4ECD0034D745 /* Debug */ = {
			isa = XCBuildConfiguration;
			buildSettings = {
				ALWAYS_SEARCH_USER_PATHS = NO;
				CLANG_ANALYZER_NONNULL = YES;
				CLANG_ANALYZER_NUMBER_OBJECT_CONVERSION = YES_AGGRESSIVE;
				CLANG_CXX_LANGUAGE_STANDARD = "gnu++20";
				CLANG_ENABLE_MODULES = YES;
				CLANG_ENABLE_OBJC_ARC = YES;
				CLANG_ENABLE_OBJC_WEAK = YES;
				CLANG_WARN_BLOCK_CAPTURE_AUTORELEASING = YES;
				CLANG_WARN_BOOL_CONVERSION = YES;
				CLANG_WARN_COMMA = YES;
				CLANG_WARN_CONSTANT_CONVERSION = YES;
				CLANG_WARN_DEPRECATED_OBJC_IMPLEMENTATIONS = YES;
				CLANG_WARN_DIRECT_OBJC_ISA_USAGE = YES_ERROR;
				CLANG_WARN_DOCUMENTATION_COMMENTS = YES;
				CLANG_WARN_EMPTY_BODY = YES;
				CLANG_WARN_ENUM_CONVERSION = YES;
				CLANG_WARN_INFINITE_RECURSION = YES;
				CLANG_WARN_INT_CONVERSION = YES;
				CLANG_WARN_NON_LITERAL_NULL_CONVERSION = YES;
				CLANG_WARN_OBJC_IMPLICIT_RETAIN_SELF = YES;
				CLANG_WARN_OBJC_LITERAL_CONVERSION = YES;
				CLANG_WARN_OBJC_ROOT_CLASS = YES_ERROR;
				CLANG_WARN_QUOTED_INCLUDE_IN_FRAMEWORK_HEADER = YES;
				CLANG_WARN_RANGE_LOOP_ANALYSIS = YES;
				CLANG_WARN_STRICT_PROTOTYPES = YES;
				CLANG_WARN_SUSPICIOUS_MOVE = YES;
				CLANG_WARN_UNGUARDED_AVAILABILITY = YES_AGGRESSIVE;
				CLANG_WARN_UNREACHABLE_CODE = YES;
				CLANG_WARN__DUPLICATE_METHOD_MATCH = YES;
				COPY_PHASE_STRIP = NO;
				DEBUG_INFORMATION_FORMAT = dwarf;
				ENABLE_STRICT_OBJC_MSGSEND = YES;
				ENABLE_TESTABILITY = YES;
				GCC_C_LANGUAGE_STANDARD = gnu11;
				GCC_DYNAMIC_NO_PIC = NO;
				GCC_NO_COMMON_BLOCKS = YES;
				GCC_OPTIMIZATION_LEVEL = 0;
				GCC_PREPROCESSOR_DEFINITIONS = (
					"DEBUG=1",
					"$(inherited)",
				);
				GCC_WARN_64_TO_32_BIT_CONVERSION = YES;
				GCC_WARN_ABOUT_RETURN_TYPE = YES_ERROR;
				GCC_WARN_UNDECLARED_SELECTOR = YES;
				GCC_WARN_UNINITIALIZED_AUTOS = YES_AGGRESSIVE;
				GCC_WARN_UNUSED_FUNCTION = YES;
				GCC_WARN_UNUSED_VARIABLE = YES;
				IPHONEOS_DEPLOYMENT_TARGET = 16.4;
				MTL_ENABLE_DEBUG_INFO = INCLUDE_SOURCE;
				MTL_FAST_MATH = YES;
				ONLY_ACTIVE_ARCH = YES;
				SDKROOT = iphoneos;
				SWIFT_ACTIVE_COMPILATION_CONDITIONS = DEBUG;
				SWIFT_OPTIMIZATION_LEVEL = "-Onone";
			};
			name = Debug;
		};
		BA0BAC1D2A5A4ECD0034D745 /* Release */ = {
			isa = XCBuildConfiguration;
			buildSettings = {
				ALWAYS_SEARCH_USER_PATHS = NO;
				CLANG_ANALYZER_NONNULL = YES;
				CLANG_ANALYZER_NUMBER_OBJECT_CONVERSION = YES_AGGRESSIVE;
				CLANG_CXX_LANGUAGE_STANDARD = "gnu++20";
				CLANG_ENABLE_MODULES = YES;
				CLANG_ENABLE_OBJC_ARC = YES;
				CLANG_ENABLE_OBJC_WEAK = YES;
				CLANG_WARN_BLOCK_CAPTURE_AUTORELEASING = YES;
				CLANG_WARN_BOOL_CONVERSION = YES;
				CLANG_WARN_COMMA = YES;
				CLANG_WARN_CONSTANT_CONVERSION = YES;
				CLANG_WARN_DEPRECATED_OBJC_IMPLEMENTATIONS = YES;
				CLANG_WARN_DIRECT_OBJC_ISA_USAGE = YES_ERROR;
				CLANG_WARN_DOCUMENTATION_COMMENTS = YES;
				CLANG_WARN_EMPTY_BODY = YES;
				CLANG_WARN_ENUM_CONVERSION = YES;
				CLANG_WARN_INFINITE_RECURSION = YES;
				CLANG_WARN_INT_CONVERSION = YES;
				CLANG_WARN_NON_LITERAL_NULL_CONVERSION = YES;
				CLANG_WARN_OBJC_IMPLICIT_RETAIN_SELF = YES;
				CLANG_WARN_OBJC_LITERAL_CONVERSION = YES;
				CLANG_WARN_OBJC_ROOT_CLASS = YES_ERROR;
				CLANG_WARN_QUOTED_INCLUDE_IN_FRAMEWORK_HEADER = YES;
				CLANG_WARN_RANGE_LOOP_ANALYSIS = YES;
				CLANG_WARN_STRICT_PROTOTYPES = YES;
				CLANG_WARN_SUSPICIOUS_MOVE = YES;
				CLANG_WARN_UNGUARDED_AVAILABILITY = YES_AGGRESSIVE;
				CLANG_WARN_UNREACHABLE_CODE = YES;
				CLANG_WARN__DUPLICATE_METHOD_MATCH = YES;
				COPY_PHASE_STRIP = NO;
				DEBUG_INFORMATION_FORMAT = "dwarf-with-dsym";
				ENABLE_NS_ASSERTIONS = NO;
				ENABLE_STRICT_OBJC_MSGSEND = YES;
				GCC_C_LANGUAGE_STANDARD = gnu11;
				GCC_NO_COMMON_BLOCKS = YES;
				GCC_WARN_64_TO_32_BIT_CONVERSION = YES;
				GCC_WARN_ABOUT_RETURN_TYPE = YES_ERROR;
				GCC_WARN_UNDECLARED_SELECTOR = YES;
				GCC_WARN_UNINITIALIZED_AUTOS = YES_AGGRESSIVE;
				GCC_WARN_UNUSED_FUNCTION = YES;
				GCC_WARN_UNUSED_VARIABLE = YES;
				IPHONEOS_DEPLOYMENT_TARGET = 16.4;
				MTL_ENABLE_DEBUG_INFO = NO;
				MTL_FAST_MATH = YES;
				SDKROOT = iphoneos;
				SWIFT_COMPILATION_MODE = wholemodule;
				SWIFT_OPTIMIZATION_LEVEL = "-O";
				VALIDATE_PRODUCT = YES;
			};
			name = Release;
		};
		BA0BAC1F2A5A4ECD0034D745 /* Debug */ = {
			isa = XCBuildConfiguration;
			buildSettings = {
				ASSETCATALOG_COMPILER_APPICON_NAME = AppIcon;
				ASSETCATALOG_COMPILER_GLOBAL_ACCENT_COLOR_NAME = AccentColor;
				CODE_SIGN_STYLE = Automatic;
				CURRENT_PROJECT_VERSION = 1;
				DEVELOPMENT_ASSET_PATHS = "\"Scrumdinger/Preview Content\"";
				ENABLE_PREVIEWS = YES;
				GENERATE_INFOPLIST_FILE = YES;
				INFOPLIST_KEY_UIApplicationSceneManifest_Generation = YES;
				INFOPLIST_KEY_UIApplicationSupportsIndirectInputEvents = YES;
				INFOPLIST_KEY_UILaunchScreen_Generation = YES;
				INFOPLIST_KEY_UISupportedInterfaceOrientations_iPad = "UIInterfaceOrientationPortrait UIInterfaceOrientationPortraitUpsideDown UIInterfaceOrientationLandscapeLeft UIInterfaceOrientationLandscapeRight";
				INFOPLIST_KEY_UISupportedInterfaceOrientations_iPhone = "UIInterfaceOrientationPortrait UIInterfaceOrientationLandscapeLeft UIInterfaceOrientationLandscapeRight";
				LD_RUNPATH_SEARCH_PATHS = (
					"$(inherited)",
					"@executable_path/Frameworks",
				);
				MARKETING_VERSION = 1.0;
				PRODUCT_BUNDLE_IDENTIFIER = com.alexmelolima.Scrumdinger;
				PRODUCT_NAME = "$(TARGET_NAME)";
				SWIFT_EMIT_LOC_STRINGS = YES;
				SWIFT_VERSION = 5.0;
				TARGETED_DEVICE_FAMILY = "1,2";
			};
			name = Debug;
		};
		BA0BAC202A5A4ECD0034D745 /* Release */ = {
			isa = XCBuildConfiguration;
			buildSettings = {
				ASSETCATALOG_COMPILER_APPICON_NAME = AppIcon;
				ASSETCATALOG_COMPILER_GLOBAL_ACCENT_COLOR_NAME = AccentColor;
				CODE_SIGN_STYLE = Automatic;
				CURRENT_PROJECT_VERSION = 1;
				DEVELOPMENT_ASSET_PATHS = "\"Scrumdinger/Preview Content\"";
				ENABLE_PREVIEWS = YES;
				GENERATE_INFOPLIST_FILE = YES;
				INFOPLIST_KEY_UIApplicationSceneManifest_Generation = YES;
				INFOPLIST_KEY_UIApplicationSupportsIndirectInputEvents = YES;
				INFOPLIST_KEY_UILaunchScreen_Generation = YES;
				INFOPLIST_KEY_UISupportedInterfaceOrientations_iPad = "UIInterfaceOrientationPortrait UIInterfaceOrientationPortraitUpsideDown UIInterfaceOrientationLandscapeLeft UIInterfaceOrientationLandscapeRight";
				INFOPLIST_KEY_UISupportedInterfaceOrientations_iPhone = "UIInterfaceOrientationPortrait UIInterfaceOrientationLandscapeLeft UIInterfaceOrientationLandscapeRight";
				LD_RUNPATH_SEARCH_PATHS = (
					"$(inherited)",
					"@executable_path/Frameworks",
				);
				MARKETING_VERSION = 1.0;
				PRODUCT_BUNDLE_IDENTIFIER = com.alexmelolima.Scrumdinger;
				PRODUCT_NAME = "$(TARGET_NAME)";
				SWIFT_EMIT_LOC_STRINGS = YES;
				SWIFT_VERSION = 5.0;
				TARGETED_DEVICE_FAMILY = "1,2";
			};
			name = Release;
		};
		BA0BAC222A5A4ECD0034D745 /* Debug */ = {
			isa = XCBuildConfiguration;
			buildSettings = {
				ALWAYS_EMBED_SWIFT_STANDARD_LIBRARIES = YES;
				BUNDLE_LOADER = "$(TEST_HOST)";
				CODE_SIGN_STYLE = Automatic;
				CURRENT_PROJECT_VERSION = 1;
				GENERATE_INFOPLIST_FILE = YES;
				IPHONEOS_DEPLOYMENT_TARGET = 16.4;
				MARKETING_VERSION = 1.0;
				PRODUCT_BUNDLE_IDENTIFIER = com.alexmelolima.ScrumdingerTests;
				PRODUCT_NAME = "$(TARGET_NAME)";
				SWIFT_EMIT_LOC_STRINGS = NO;
				SWIFT_VERSION = 5.0;
				TARGETED_DEVICE_FAMILY = "1,2";
				TEST_HOST = "$(BUILT_PRODUCTS_DIR)/Scrumdinger.app/$(BUNDLE_EXECUTABLE_FOLDER_PATH)/Scrumdinger";
			};
			name = Debug;
		};
		BA0BAC232A5A4ECD0034D745 /* Release */ = {
			isa = XCBuildConfiguration;
			buildSettings = {
				ALWAYS_EMBED_SWIFT_STANDARD_LIBRARIES = YES;
				BUNDLE_LOADER = "$(TEST_HOST)";
				CODE_SIGN_STYLE = Automatic;
				CURRENT_PROJECT_VERSION = 1;
				GENERATE_INFOPLIST_FILE = YES;
				IPHONEOS_DEPLOYMENT_TARGET = 16.4;
				MARKETING_VERSION = 1.0;
				PRODUCT_BUNDLE_IDENTIFIER = com.alexmelolima.ScrumdingerTests;
				PRODUCT_NAME = "$(TARGET_NAME)";
				SWIFT_EMIT_LOC_STRINGS = NO;
				SWIFT_VERSION = 5.0;
				TARGETED_DEVICE_FAMILY = "1,2";
				TEST_HOST = "$(BUILT_PRODUCTS_DIR)/Scrumdinger.app/$(BUNDLE_EXECUTABLE_FOLDER_PATH)/Scrumdinger";
			};
			name = Release;
		};
		BA0BAC252A5A4ECD0034D745 /* Debug */ = {
			isa = XCBuildConfiguration;
			buildSettings = {
				ALWAYS_EMBED_SWIFT_STANDARD_LIBRARIES = YES;
				CODE_SIGN_STYLE = Automatic;
				CURRENT_PROJECT_VERSION = 1;
				GENERATE_INFOPLIST_FILE = YES;
				MARKETING_VERSION = 1.0;
				PRODUCT_BUNDLE_IDENTIFIER = com.alexmelolima.ScrumdingerUITests;
				PRODUCT_NAME = "$(TARGET_NAME)";
				SWIFT_EMIT_LOC_STRINGS = NO;
				SWIFT_VERSION = 5.0;
				TARGETED_DEVICE_FAMILY = "1,2";
				TEST_TARGET_NAME = Scrumdinger;
			};
			name = Debug;
		};
		BA0BAC262A5A4ECD0034D745 /* Release */ = {
			isa = XCBuildConfiguration;
			buildSettings = {
				ALWAYS_EMBED_SWIFT_STANDARD_LIBRARIES = YES;
				CODE_SIGN_STYLE = Automatic;
				CURRENT_PROJECT_VERSION = 1;
				GENERATE_INFOPLIST_FILE = YES;
				MARKETING_VERSION = 1.0;
				PRODUCT_BUNDLE_IDENTIFIER = com.alexmelolima.ScrumdingerUITests;
				PRODUCT_NAME = "$(TARGET_NAME)";
				SWIFT_EMIT_LOC_STRINGS = NO;
				SWIFT_VERSION = 5.0;
				TARGETED_DEVICE_FAMILY = "1,2";
				TEST_TARGET_NAME = Scrumdinger;
			};
			name = Release;
		};
/* End XCBuildConfiguration section */

/* Begin XCConfigurationList section */
		BA0BABF52A5A4ECD0034D745 /* Build configuration list for PBXProject "Scrumdinger" */ = {
			isa = XCConfigurationList;
			buildConfigurations = (
				BA0BAC1C2A5A4ECD0034D745 /* Debug */,
				BA0BAC1D2A5A4ECD0034D745 /* Release */,
			);
			defaultConfigurationIsVisible = 0;
			defaultConfigurationName = Release;
		};
		BA0BAC1E2A5A4ECD0034D745 /* Build configuration list for PBXNativeTarget "Scrumdinger" */ = {
			isa = XCConfigurationList;
			buildConfigurations = (
				BA0BAC1F2A5A4ECD0034D745 /* Debug */,
				BA0BAC202A5A4ECD0034D745 /* Release */,
			);
			defaultConfigurationIsVisible = 0;
			defaultConfigurationName = Release;
		};
		BA0BAC212A5A4ECD0034D745 /* Build configuration list for PBXNativeTarget "ScrumdingerTests" */ = {
			isa = XCConfigurationList;
			buildConfigurations = (
				BA0BAC222A5A4ECD0034D745 /* Debug */,
				BA0BAC232A5A4ECD0034D745 /* Release */,
			);
			defaultConfigurationIsVisible = 0;
			defaultConfigurationName = Release;
		};
		BA0BAC242A5A4ECD0034D745 /* Build configuration list for PBXNativeTarget "ScrumdingerUITests" */ = {
			isa = XCConfigurationList;
			buildConfigurations = (
				BA0BAC252A5A4ECD0034D745 /* Debug */,
				BA0BAC262A5A4ECD0034D745 /* Release */,
			);
			defaultConfigurationIsVisible = 0;
			defaultConfigurationName = Release;
		};
/* End XCConfigurationList section */
	};
	rootObject = BA0BABF22A5A4ECD0034D745 /* Project object */;
}
